// !$*UTF8*$!
{
	archiveVersion = 1;
	classes = {
	};
	objectVersion = 46;
	objects = {

/* Begin PBXBuildFile section */
		1128D1A31E3C380A00AFAB20 /* AppDelegate.swift in Sources */ = {isa = PBXBuildFile; fileRef = 1128D1A21E3C380A00AFAB20 /* AppDelegate.swift */; };
		1128D1A81E3C380A00AFAB20 /* Main.storyboard in Resources */ = {isa = PBXBuildFile; fileRef = 1128D1A61E3C380A00AFAB20 /* Main.storyboard */; };
		1128D1AB1E3C380A00AFAB20 /* Virtual_tourist.xcdatamodeld in Sources */ = {isa = PBXBuildFile; fileRef = 1128D1A91E3C380A00AFAB20 /* Virtual_tourist.xcdatamodeld */; };
		1128D1AD1E3C380A00AFAB20 /* Assets.xcassets in Resources */ = {isa = PBXBuildFile; fileRef = 1128D1AC1E3C380A00AFAB20 /* Assets.xcassets */; };
		1128D1B01E3C380A00AFAB20 /* LaunchScreen.storyboard in Resources */ = {isa = PBXBuildFile; fileRef = 1128D1AE1E3C380A00AFAB20 /* LaunchScreen.storyboard */; };
		1128D1BB1E3C380A00AFAB20 /* Virtual_touristTests.swift in Sources */ = {isa = PBXBuildFile; fileRef = 1128D1BA1E3C380A00AFAB20 /* Virtual_touristTests.swift */; };
		1128D1C61E3C380A00AFAB20 /* Virtual_touristUITests.swift in Sources */ = {isa = PBXBuildFile; fileRef = 1128D1C51E3C380A00AFAB20 /* Virtual_touristUITests.swift */; };
		1128D1E01E3D4B2800AFAB20 /* TravelLocationViewController.swift in Sources */ = {isa = PBXBuildFile; fileRef = 1128D1DF1E3D4B2800AFAB20 /* TravelLocationViewController.swift */; };
		1128D1E21E3D4B9300AFAB20 /* PhotoAlbumViewController.swift in Sources */ = {isa = PBXBuildFile; fileRef = 1128D1E11E3D4B9300AFAB20 /* PhotoAlbumViewController.swift */; };
		1128D1E61E3D512700AFAB20 /* FlickrClient.swift in Sources */ = {isa = PBXBuildFile; fileRef = 1128D1E51E3D512700AFAB20 /* FlickrClient.swift */; };
		1128D1E81E3D517400AFAB20 /* FlickrConstants.swift in Sources */ = {isa = PBXBuildFile; fileRef = 1128D1E71E3D517400AFAB20 /* FlickrConstants.swift */; };
		1128D1EA1E3D5B2100AFAB20 /* PhotoModel.swift in Sources */ = {isa = PBXBuildFile; fileRef = 1128D1E91E3D5B2100AFAB20 /* PhotoModel.swift */; };
		1128D1EC1E3D887900AFAB20 /* CoreDataStack.swift in Sources */ = {isa = PBXBuildFile; fileRef = 1128D1EB1E3D887900AFAB20 /* CoreDataStack.swift */; };
		1128D2151E3ED5E500AFAB20 /* Pin+CoreDataClass.swift in Sources */ = {isa = PBXBuildFile; fileRef = 1128D2111E3ED5E500AFAB20 /* Pin+CoreDataClass.swift */; };
		1128D2161E3ED5E500AFAB20 /* Pin+CoreDataProperties.swift in Sources */ = {isa = PBXBuildFile; fileRef = 1128D2121E3ED5E500AFAB20 /* Pin+CoreDataProperties.swift */; };
		1128D2171E3ED5E500AFAB20 /* Photo+CoreDataClass.swift in Sources */ = {isa = PBXBuildFile; fileRef = 1128D2131E3ED5E500AFAB20 /* Photo+CoreDataClass.swift */; };
		1128D2181E3ED5E500AFAB20 /* Photo+CoreDataProperties.swift in Sources */ = {isa = PBXBuildFile; fileRef = 1128D2141E3ED5E500AFAB20 /* Photo+CoreDataProperties.swift */; };
		1128D21A1E3F116100AFAB20 /* PhotoCell.swift in Sources */ = {isa = PBXBuildFile; fileRef = 1128D2191E3F116100AFAB20 /* PhotoCell.swift */; };
		11B8EC8F1E4185D8006E3BB8 /* UIViewExtension.swift in Sources */ = {isa = PBXBuildFile; fileRef = 11B8EC8E1E4185D8006E3BB8 /* UIViewExtension.swift */; };
		11B8EC911E418B09006E3BB8 /* default.png in Resources */ = {isa = PBXBuildFile; fileRef = 11B8EC901E418B09006E3BB8 /* default.png */; };
/* End PBXBuildFile section */

/* Begin PBXContainerItemProxy section */
		1128D1B71E3C380A00AFAB20 /* PBXContainerItemProxy */ = {
			isa = PBXContainerItemProxy;
			containerPortal = 1128D1971E3C380A00AFAB20 /* Project object */;
			proxyType = 1;
			remoteGlobalIDString = 1128D19E1E3C380A00AFAB20;
			remoteInfo = "Virtual tourist";
		};
		1128D1C21E3C380A00AFAB20 /* PBXContainerItemProxy */ = {
			isa = PBXContainerItemProxy;
			containerPortal = 1128D1971E3C380A00AFAB20 /* Project object */;
			proxyType = 1;
			remoteGlobalIDString = 1128D19E1E3C380A00AFAB20;
			remoteInfo = "Virtual tourist";
		};
/* End PBXContainerItemProxy section */

/* Begin PBXFileReference section */
		1128D19F1E3C380A00AFAB20 /* Virtual tourist.app */ = {isa = PBXFileReference; explicitFileType = wrapper.application; includeInIndex = 0; path = "Virtual tourist.app"; sourceTree = BUILT_PRODUCTS_DIR; };
		1128D1A21E3C380A00AFAB20 /* AppDelegate.swift */ = {isa = PBXFileReference; lastKnownFileType = sourcecode.swift; path = AppDelegate.swift; sourceTree = "<group>"; };
		1128D1A71E3C380A00AFAB20 /* Base */ = {isa = PBXFileReference; lastKnownFileType = file.storyboard; name = Base; path = Base.lproj/Main.storyboard; sourceTree = "<group>"; };
		1128D1AA1E3C380A00AFAB20 /* Virtual_tourist.xcdatamodel */ = {isa = PBXFileReference; lastKnownFileType = wrapper.xcdatamodel; path = Virtual_tourist.xcdatamodel; sourceTree = "<group>"; };
		1128D1AC1E3C380A00AFAB20 /* Assets.xcassets */ = {isa = PBXFileReference; lastKnownFileType = folder.assetcatalog; path = Assets.xcassets; sourceTree = "<group>"; };
		1128D1AF1E3C380A00AFAB20 /* Base */ = {isa = PBXFileReference; lastKnownFileType = file.storyboard; name = Base; path = Base.lproj/LaunchScreen.storyboard; sourceTree = "<group>"; };
		1128D1B11E3C380A00AFAB20 /* Info.plist */ = {isa = PBXFileReference; lastKnownFileType = text.plist.xml; path = Info.plist; sourceTree = "<group>"; };
		1128D1B61E3C380A00AFAB20 /* Virtual touristTests.xctest */ = {isa = PBXFileReference; explicitFileType = wrapper.cfbundle; includeInIndex = 0; path = "Virtual touristTests.xctest"; sourceTree = BUILT_PRODUCTS_DIR; };
		1128D1BA1E3C380A00AFAB20 /* Virtual_touristTests.swift */ = {isa = PBXFileReference; lastKnownFileType = sourcecode.swift; path = Virtual_touristTests.swift; sourceTree = "<group>"; };
		1128D1BC1E3C380A00AFAB20 /* Info.plist */ = {isa = PBXFileReference; lastKnownFileType = text.plist.xml; path = Info.plist; sourceTree = "<group>"; };
		1128D1C11E3C380A00AFAB20 /* Virtual touristUITests.xctest */ = {isa = PBXFileReference; explicitFileType = wrapper.cfbundle; includeInIndex = 0; path = "Virtual touristUITests.xctest"; sourceTree = BUILT_PRODUCTS_DIR; };
		1128D1C51E3C380A00AFAB20 /* Virtual_touristUITests.swift */ = {isa = PBXFileReference; lastKnownFileType = sourcecode.swift; path = Virtual_touristUITests.swift; sourceTree = "<group>"; };
		1128D1C71E3C380A00AFAB20 /* Info.plist */ = {isa = PBXFileReference; lastKnownFileType = text.plist.xml; path = Info.plist; sourceTree = "<group>"; };
		1128D1DF1E3D4B2800AFAB20 /* TravelLocationViewController.swift */ = {isa = PBXFileReference; fileEncoding = 4; lastKnownFileType = sourcecode.swift; path = TravelLocationViewController.swift; sourceTree = "<group>"; };
		1128D1E11E3D4B9300AFAB20 /* PhotoAlbumViewController.swift */ = {isa = PBXFileReference; fileEncoding = 4; lastKnownFileType = sourcecode.swift; path = PhotoAlbumViewController.swift; sourceTree = "<group>"; };
		1128D1E51E3D512700AFAB20 /* FlickrClient.swift */ = {isa = PBXFileReference; fileEncoding = 4; lastKnownFileType = sourcecode.swift; path = FlickrClient.swift; sourceTree = "<group>"; };
		1128D1E71E3D517400AFAB20 /* FlickrConstants.swift */ = {isa = PBXFileReference; fileEncoding = 4; lastKnownFileType = sourcecode.swift; path = FlickrConstants.swift; sourceTree = "<group>"; };
		1128D1E91E3D5B2100AFAB20 /* PhotoModel.swift */ = {isa = PBXFileReference; fileEncoding = 4; lastKnownFileType = sourcecode.swift; path = PhotoModel.swift; sourceTree = "<group>"; };
		1128D1EB1E3D887900AFAB20 /* CoreDataStack.swift */ = {isa = PBXFileReference; fileEncoding = 4; lastKnownFileType = sourcecode.swift; path = CoreDataStack.swift; sourceTree = "<group>"; };
		1128D2111E3ED5E500AFAB20 /* Pin+CoreDataClass.swift */ = {isa = PBXFileReference; fileEncoding = 4; lastKnownFileType = sourcecode.swift; path = "Pin+CoreDataClass.swift"; sourceTree = "<group>"; };
		1128D2121E3ED5E500AFAB20 /* Pin+CoreDataProperties.swift */ = {isa = PBXFileReference; fileEncoding = 4; lastKnownFileType = sourcecode.swift; path = "Pin+CoreDataProperties.swift"; sourceTree = "<group>"; };
		1128D2131E3ED5E500AFAB20 /* Photo+CoreDataClass.swift */ = {isa = PBXFileReference; fileEncoding = 4; lastKnownFileType = sourcecode.swift; path = "Photo+CoreDataClass.swift"; sourceTree = "<group>"; };
		1128D2141E3ED5E500AFAB20 /* Photo+CoreDataProperties.swift */ = {isa = PBXFileReference; fileEncoding = 4; lastKnownFileType = sourcecode.swift; path = "Photo+CoreDataProperties.swift"; sourceTree = "<group>"; };
		1128D2191E3F116100AFAB20 /* PhotoCell.swift */ = {isa = PBXFileReference; fileEncoding = 4; lastKnownFileType = sourcecode.swift; path = PhotoCell.swift; sourceTree = "<group>"; };
		11B8EC8E1E4185D8006E3BB8 /* UIViewExtension.swift */ = {isa = PBXFileReference; fileEncoding = 4; lastKnownFileType = sourcecode.swift; path = UIViewExtension.swift; sourceTree = "<group>"; };
		11B8EC901E418B09006E3BB8 /* default.png */ = {isa = PBXFileReference; lastKnownFileType = image.png; path = default.png; sourceTree = "<group>"; };
/* End PBXFileReference section */

/* Begin PBXFrameworksBuildPhase section */
		1128D19C1E3C380A00AFAB20 /* Frameworks */ = {
			isa = PBXFrameworksBuildPhase;
			buildActionMask = 2147483647;
			files = (
			);
			runOnlyForDeploymentPostprocessing = 0;
		};
		1128D1B31E3C380A00AFAB20 /* Frameworks */ = {
			isa = PBXFrameworksBuildPhase;
			buildActionMask = 2147483647;
			files = (
			);
			runOnlyForDeploymentPostprocessing = 0;
		};
		1128D1BE1E3C380A00AFAB20 /* Frameworks */ = {
			isa = PBXFrameworksBuildPhase;
			buildActionMask = 2147483647;
			files = (
			);
			runOnlyForDeploymentPostprocessing = 0;
		};
/* End PBXFrameworksBuildPhase section */

/* Begin PBXGroup section */
		1128D1961E3C380A00AFAB20 = {
			isa = PBXGroup;
			children = (
				1128D1A11E3C380A00AFAB20 /* Virtual tourist */,
				1128D1B91E3C380A00AFAB20 /* Virtual touristTests */,
				1128D1C41E3C380A00AFAB20 /* Virtual touristUITests */,
				1128D1A01E3C380A00AFAB20 /* Products */,
			);
			sourceTree = "<group>";
		};
		1128D1A01E3C380A00AFAB20 /* Products */ = {
			isa = PBXGroup;
			children = (
				1128D19F1E3C380A00AFAB20 /* Virtual tourist.app */,
				1128D1B61E3C380A00AFAB20 /* Virtual touristTests.xctest */,
				1128D1C11E3C380A00AFAB20 /* Virtual touristUITests.xctest */,
			);
			name = Products;
			sourceTree = "<group>";
		};
		1128D1A11E3C380A00AFAB20 /* Virtual tourist */ = {
			isa = PBXGroup;
			children = (
				1128D1A21E3C380A00AFAB20 /* AppDelegate.swift */,
				1128D1DB1E3D4A9700AFAB20 /* Models */,
				1128D1DE1E3D4B0A00AFAB20 /* Controllers */,
				1128D1E31E3D4C3A00AFAB20 /* Assets */,
				1128D1B11E3C380A00AFAB20 /* Info.plist */,
			);
			path = "Virtual tourist";
			sourceTree = "<group>";
		};
		1128D1B91E3C380A00AFAB20 /* Virtual touristTests */ = {
			isa = PBXGroup;
			children = (
				1128D1BA1E3C380A00AFAB20 /* Virtual_touristTests.swift */,
				1128D1BC1E3C380A00AFAB20 /* Info.plist */,
			);
			path = "Virtual touristTests";
			sourceTree = "<group>";
		};
		1128D1C41E3C380A00AFAB20 /* Virtual touristUITests */ = {
			isa = PBXGroup;
			children = (
				1128D1C51E3C380A00AFAB20 /* Virtual_touristUITests.swift */,
				1128D1C71E3C380A00AFAB20 /* Info.plist */,
			);
			path = "Virtual touristUITests";
			sourceTree = "<group>";
		};
		1128D1DB1E3D4A9700AFAB20 /* Models */ = {
			isa = PBXGroup;
			children = (
				1128D2111E3ED5E500AFAB20 /* Pin+CoreDataClass.swift */,
				1128D2121E3ED5E500AFAB20 /* Pin+CoreDataProperties.swift */,
				1128D2131E3ED5E500AFAB20 /* Photo+CoreDataClass.swift */,
				1128D2141E3ED5E500AFAB20 /* Photo+CoreDataProperties.swift */,
				1128D1E41E3D510E00AFAB20 /* Client */,
				1128D1A91E3C380A00AFAB20 /* Virtual_tourist.xcdatamodeld */,
				1128D1E91E3D5B2100AFAB20 /* PhotoModel.swift */,
				1128D1EB1E3D887900AFAB20 /* CoreDataStack.swift */,
			);
			name = Models;
			sourceTree = "<group>";
		};
		1128D1DE1E3D4B0A00AFAB20 /* Controllers */ = {
			isa = PBXGroup;
			children = (
				1128D1DF1E3D4B2800AFAB20 /* TravelLocationViewController.swift */,
				1128D1E11E3D4B9300AFAB20 /* PhotoAlbumViewController.swift */,
				1128D2191E3F116100AFAB20 /* PhotoCell.swift */,
				11B8EC8E1E4185D8006E3BB8 /* UIViewExtension.swift */,
			);
			name = Controllers;
			sourceTree = "<group>";
		};
		1128D1E31E3D4C3A00AFAB20 /* Assets */ = {
			isa = PBXGroup;
			children = (
				11B8EC901E418B09006E3BB8 /* default.png */,
				1128D1A61E3C380A00AFAB20 /* Main.storyboard */,
				1128D1AC1E3C380A00AFAB20 /* Assets.xcassets */,
				1128D1AE1E3C380A00AFAB20 /* LaunchScreen.storyboard */,
			);
			name = Assets;
			sourceTree = "<group>";
		};
		1128D1E41E3D510E00AFAB20 /* Client */ = {
			isa = PBXGroup;
			children = (
				1128D1E51E3D512700AFAB20 /* FlickrClient.swift */,
				1128D1E71E3D517400AFAB20 /* FlickrConstants.swift */,
			);
			name = Client;
			sourceTree = "<group>";
		};
/* End PBXGroup section */

/* Begin PBXNativeTarget section */
		1128D19E1E3C380A00AFAB20 /* Virtual tourist */ = {
			isa = PBXNativeTarget;
			buildConfigurationList = 1128D1CA1E3C380A00AFAB20 /* Build configuration list for PBXNativeTarget "Virtual tourist" */;
			buildPhases = (
				1128D19B1E3C380A00AFAB20 /* Sources */,
				1128D19C1E3C380A00AFAB20 /* Frameworks */,
				1128D19D1E3C380A00AFAB20 /* Resources */,
			);
			buildRules = (
			);
			dependencies = (
			);
			name = "Virtual tourist";
			productName = "Virtual tourist";
			productReference = 1128D19F1E3C380A00AFAB20 /* Virtual tourist.app */;
			productType = "com.apple.product-type.application";
		};
		1128D1B51E3C380A00AFAB20 /* Virtual touristTests */ = {
			isa = PBXNativeTarget;
			buildConfigurationList = 1128D1CD1E3C380A00AFAB20 /* Build configuration list for PBXNativeTarget "Virtual touristTests" */;
			buildPhases = (
				1128D1B21E3C380A00AFAB20 /* Sources */,
				1128D1B31E3C380A00AFAB20 /* Frameworks */,
				1128D1B41E3C380A00AFAB20 /* Resources */,
			);
			buildRules = (
			);
			dependencies = (
				1128D1B81E3C380A00AFAB20 /* PBXTargetDependency */,
			);
			name = "Virtual touristTests";
			productName = "Virtual touristTests";
			productReference = 1128D1B61E3C380A00AFAB20 /* Virtual touristTests.xctest */;
			productType = "com.apple.product-type.bundle.unit-test";
		};
		1128D1C01E3C380A00AFAB20 /* Virtual touristUITests */ = {
			isa = PBXNativeTarget;
			buildConfigurationList = 1128D1D01E3C380A00AFAB20 /* Build configuration list for PBXNativeTarget "Virtual touristUITests" */;
			buildPhases = (
				1128D1BD1E3C380A00AFAB20 /* Sources */,
				1128D1BE1E3C380A00AFAB20 /* Frameworks */,
				1128D1BF1E3C380A00AFAB20 /* Resources */,
			);
			buildRules = (
			);
			dependencies = (
				1128D1C31E3C380A00AFAB20 /* PBXTargetDependency */,
			);
			name = "Virtual touristUITests";
			productName = "Virtual touristUITests";
			productReference = 1128D1C11E3C380A00AFAB20 /* Virtual touristUITests.xctest */;
			productType = "com.apple.product-type.bundle.ui-testing";
		};
/* End PBXNativeTarget section */

/* Begin PBXProject section */
		1128D1971E3C380A00AFAB20 /* Project object */ = {
			isa = PBXProject;
			attributes = {
				LastSwiftUpdateCheck = 0820;
				LastUpgradeCheck = 0820;
				ORGANIZATIONNAME = "Dirk Milotz";
				TargetAttributes = {
					1128D19E1E3C380A00AFAB20 = {
						CreatedOnToolsVersion = 8.2.1;
						DevelopmentTeam = 766WEDGHA7;
						ProvisioningStyle = Automatic;
					};
					1128D1B51E3C380A00AFAB20 = {
						CreatedOnToolsVersion = 8.2.1;
						ProvisioningStyle = Automatic;
						TestTargetID = 1128D19E1E3C380A00AFAB20;
					};
					1128D1C01E3C380A00AFAB20 = {
						CreatedOnToolsVersion = 8.2.1;
						ProvisioningStyle = Automatic;
						TestTargetID = 1128D19E1E3C380A00AFAB20;
					};
				};
			};
			buildConfigurationList = 1128D19A1E3C380A00AFAB20 /* Build configuration list for PBXProject "Virtual tourist" */;
			compatibilityVersion = "Xcode 3.2";
			developmentRegion = English;
			hasScannedForEncodings = 0;
			knownRegions = (
				en,
				Base,
			);
			mainGroup = 1128D1961E3C380A00AFAB20;
			productRefGroup = 1128D1A01E3C380A00AFAB20 /* Products */;
			projectDirPath = "";
			projectRoot = "";
			targets = (
				1128D19E1E3C380A00AFAB20 /* Virtual tourist */,
				1128D1B51E3C380A00AFAB20 /* Virtual touristTests */,
				1128D1C01E3C380A00AFAB20 /* Virtual touristUITests */,
			);
		};
/* End PBXProject section */

/* Begin PBXResourcesBuildPhase section */
		1128D19D1E3C380A00AFAB20 /* Resources */ = {
			isa = PBXResourcesBuildPhase;
			buildActionMask = 2147483647;
			files = (
				1128D1B01E3C380A00AFAB20 /* LaunchScreen.storyboard in Resources */,
				1128D1AD1E3C380A00AFAB20 /* Assets.xcassets in Resources */,
				11B8EC911E418B09006E3BB8 /* default.png in Resources */,
				1128D1A81E3C380A00AFAB20 /* Main.storyboard in Resources */,
			);
			runOnlyForDeploymentPostprocessing = 0;
		};
		1128D1B41E3C380A00AFAB20 /* Resources */ = {
			isa = PBXResourcesBuildPhase;
			buildActionMask = 2147483647;
			files = (
			);
			runOnlyForDeploymentPostprocessing = 0;
		};
		1128D1BF1E3C380A00AFAB20 /* Resources */ = {
			isa = PBXResourcesBuildPhase;
			buildActionMask = 2147483647;
			files = (
			);
			runOnlyForDeploymentPostprocessing = 0;
		};
/* End PBXResourcesBuildPhase section */

/* Begin PBXSourcesBuildPhase section */
		1128D19B1E3C380A00AFAB20 /* Sources */ = {
			isa = PBXSourcesBuildPhase;
			buildActionMask = 2147483647;
			files = (
				11B8EC8F1E4185D8006E3BB8 /* UIViewExtension.swift in Sources */,
				1128D21A1E3F116100AFAB20 /* PhotoCell.swift in Sources */,
				1128D2181E3ED5E500AFAB20 /* Photo+CoreDataProperties.swift in Sources */,
				1128D2151E3ED5E500AFAB20 /* Pin+CoreDataClass.swift in Sources */,
				1128D1E21E3D4B9300AFAB20 /* PhotoAlbumViewController.swift in Sources */,
				1128D2161E3ED5E500AFAB20 /* Pin+CoreDataProperties.swift in Sources */,
				1128D1E81E3D517400AFAB20 /* FlickrConstants.swift in Sources */,
				1128D1EC1E3D887900AFAB20 /* CoreDataStack.swift in Sources */,
				1128D2171E3ED5E500AFAB20 /* Photo+CoreDataClass.swift in Sources */,
				1128D1E01E3D4B2800AFAB20 /* TravelLocationViewController.swift in Sources */,
				1128D1AB1E3C380A00AFAB20 /* Virtual_tourist.xcdatamodeld in Sources */,
				1128D1E61E3D512700AFAB20 /* FlickrClient.swift in Sources */,
				1128D1A31E3C380A00AFAB20 /* AppDelegate.swift in Sources */,
				1128D1EA1E3D5B2100AFAB20 /* PhotoModel.swift in Sources */,
			);
			runOnlyForDeploymentPostprocessing = 0;
		};
		1128D1B21E3C380A00AFAB20 /* Sources */ = {
			isa = PBXSourcesBuildPhase;
			buildActionMask = 2147483647;
			files = (
				1128D1BB1E3C380A00AFAB20 /* Virtual_touristTests.swift in Sources */,
			);
			runOnlyForDeploymentPostprocessing = 0;
		};
		1128D1BD1E3C380A00AFAB20 /* Sources */ = {
			isa = PBXSourcesBuildPhase;
			buildActionMask = 2147483647;
			files = (
				1128D1C61E3C380A00AFAB20 /* Virtual_touristUITests.swift in Sources */,
			);
			runOnlyForDeploymentPostprocessing = 0;
		};
/* End PBXSourcesBuildPhase section */

/* Begin PBXTargetDependency section */
		1128D1B81E3C380A00AFAB20 /* PBXTargetDependency */ = {
			isa = PBXTargetDependency;
			target = 1128D19E1E3C380A00AFAB20 /* Virtual tourist */;
			targetProxy = 1128D1B71E3C380A00AFAB20 /* PBXContainerItemProxy */;
		};
		1128D1C31E3C380A00AFAB20 /* PBXTargetDependency */ = {
			isa = PBXTargetDependency;
			target = 1128D19E1E3C380A00AFAB20 /* Virtual tourist */;
			targetProxy = 1128D1C21E3C380A00AFAB20 /* PBXContainerItemProxy */;
		};
/* End PBXTargetDependency section */

/* Begin PBXVariantGroup section */
		1128D1A61E3C380A00AFAB20 /* Main.storyboard */ = {
			isa = PBXVariantGroup;
			children = (
				1128D1A71E3C380A00AFAB20 /* Base */,
			);
			name = Main.storyboard;
			sourceTree = "<group>";
		};
		1128D1AE1E3C380A00AFAB20 /* LaunchScreen.storyboard */ = {
			isa = PBXVariantGroup;
			children = (
				1128D1AF1E3C380A00AFAB20 /* Base */,
			);
			name = LaunchScreen.storyboard;
			sourceTree = "<group>";
		};
/* End PBXVariantGroup section */

/* Begin XCBuildConfiguration section */
		1128D1C81E3C380A00AFAB20 /* Debug */ = {
			isa = XCBuildConfiguration;
			buildSettings = {
				ALWAYS_SEARCH_USER_PATHS = NO;
				CLANG_ANALYZER_NONNULL = YES;
				CLANG_CXX_LANGUAGE_STANDARD = "gnu++0x";
				CLANG_CXX_LIBRARY = "libc++";
				CLANG_ENABLE_MODULES = YES;
				CLANG_ENABLE_OBJC_ARC = YES;
				CLANG_WARN_BOOL_CONVERSION = YES;
				CLANG_WARN_CONSTANT_CONVERSION = YES;
				CLANG_WARN_DIRECT_OBJC_ISA_USAGE = YES_ERROR;
				CLANG_WARN_DOCUMENTATION_COMMENTS = YES;
				CLANG_WARN_EMPTY_BODY = YES;
				CLANG_WARN_ENUM_CONVERSION = YES;
				CLANG_WARN_INFINITE_RECURSION = YES;
				CLANG_WARN_INT_CONVERSION = YES;
				CLANG_WARN_OBJC_ROOT_CLASS = YES_ERROR;
				CLANG_WARN_SUSPICIOUS_MOVE = YES;
				CLANG_WARN_UNREACHABLE_CODE = YES;
				CLANG_WARN__DUPLICATE_METHOD_MATCH = YES;
				"CODE_SIGN_IDENTITY[sdk=iphoneos*]" = "iPhone Developer";
				COPY_PHASE_STRIP = NO;
				DEBUG_INFORMATION_FORMAT = dwarf;
				ENABLE_STRICT_OBJC_MSGSEND = YES;
				ENABLE_TESTABILITY = YES;
				GCC_C_LANGUAGE_STANDARD = gnu99;
				GCC_DYNAMIC_NO_PIC = NO;
				GCC_NO_COMMON_BLOCKS = YES;
				GCC_OPTIMIZATION_LEVEL = 0;
				GCC_PREPROCESSOR_DEFINITIONS = (
					"DEBUG=1",
					"$(inherited)",
				);
				GCC_WARN_64_TO_32_BIT_CONVERSION = YES;
				GCC_WARN_ABOUT_RETURN_TYPE = YES_ERROR;
				GCC_WARN_UNDECLARED_SELECTOR = YES;
				GCC_WARN_UNINITIALIZED_AUTOS = YES_AGGRESSIVE;
				GCC_WARN_UNUSED_FUNCTION = YES;
				GCC_WARN_UNUSED_VARIABLE = YES;
				IPHONEOS_DEPLOYMENT_TARGET = 10.2;
				MTL_ENABLE_DEBUG_INFO = YES;
				ONLY_ACTIVE_ARCH = YES;
				SDKROOT = iphoneos;
				SWIFT_ACTIVE_COMPILATION_CONDITIONS = DEBUG;
				SWIFT_OPTIMIZATION_LEVEL = "-Onone";
				TARGETED_DEVICE_FAMILY = "1,2";
			};
			name = Debug;
		};
		1128D1C91E3C380A00AFAB20 /* Release */ = {
			isa = XCBuildConfiguration;
			buildSettings = {
				ALWAYS_SEARCH_USER_PATHS = NO;
				CLANG_ANALYZER_NONNULL = YES;
				CLANG_CXX_LANGUAGE_STANDARD = "gnu++0x";
				CLANG_CXX_LIBRARY = "libc++";
				CLANG_ENABLE_MODULES = YES;
				CLANG_ENABLE_OBJC_ARC = YES;
				CLANG_WARN_BOOL_CONVERSION = YES;
				CLANG_WARN_CONSTANT_CONVERSION = YES;
				CLANG_WARN_DIRECT_OBJC_ISA_USAGE = YES_ERROR;
				CLANG_WARN_DOCUMENTATION_COMMENTS = YES;
				CLANG_WARN_EMPTY_BODY = YES;
				CLANG_WARN_ENUM_CONVERSION = YES;
				CLANG_WARN_INFINITE_RECURSION = YES;
				CLANG_WARN_INT_CONVERSION = YES;
				CLANG_WARN_OBJC_ROOT_CLASS = YES_ERROR;
				CLANG_WARN_SUSPICIOUS_MOVE = YES;
				CLANG_WARN_UNREACHABLE_CODE = YES;
				CLANG_WARN__DUPLICATE_METHOD_MATCH = YES;
				"CODE_SIGN_IDENTITY[sdk=iphoneos*]" = "iPhone Developer";
				COPY_PHASE_STRIP = NO;
				DEBUG_INFORMATION_FORMAT = "dwarf-with-dsym";
				ENABLE_NS_ASSERTIONS = NO;
				ENABLE_STRICT_OBJC_MSGSEND = YES;
				GCC_C_LANGUAGE_STANDARD = gnu99;
				GCC_NO_COMMON_BLOCKS = YES;
				GCC_WARN_64_TO_32_BIT_CONVERSION = YES;
				GCC_WARN_ABOUT_RETURN_TYPE = YES_ERROR;
				GCC_WARN_UNDECLARED_SELECTOR = YES;
				GCC_WARN_UNINITIALIZED_AUTOS = YES_AGGRESSIVE;
				GCC_WARN_UNUSED_FUNCTION = YES;
				GCC_WARN_UNUSED_VARIABLE = YES;
				IPHONEOS_DEPLOYMENT_TARGET = 10.2;
				MTL_ENABLE_DEBUG_INFO = NO;
				SDKROOT = iphoneos;
				SWIFT_OPTIMIZATION_LEVEL = "-Owholemodule";
				TARGETED_DEVICE_FAMILY = "1,2";
				VALIDATE_PRODUCT = YES;
			};
			name = Release;
		};
		1128D1CB1E3C380A00AFAB20 /* Debug */ = {
			isa = XCBuildConfiguration;
			buildSettings = {
				ASSETCATALOG_COMPILER_APPICON_NAME = AppIcon;
				DEVELOPMENT_TEAM = 766WEDGHA7;
				INFOPLIST_FILE = "Virtual tourist/Info.plist";
				IPHONEOS_DEPLOYMENT_TARGET = 10.2;
				LD_RUNPATH_SEARCH_PATHS = "$(inherited) @executable_path/Frameworks";
				PRODUCT_BUNDLE_IDENTIFIER = "dag.Virtual-tourist";
				PRODUCT_NAME = "$(TARGET_NAME)";
				SWIFT_VERSION = 3.0;
			};
			name = Debug;
		};
		1128D1CC1E3C380A00AFAB20 /* Release */ = {
			isa = XCBuildConfiguration;
			buildSettings = {
				ASSETCATALOG_COMPILER_APPICON_NAME = AppIcon;
				DEVELOPMENT_TEAM = 766WEDGHA7;
				INFOPLIST_FILE = "Virtual tourist/Info.plist";
				IPHONEOS_DEPLOYMENT_TARGET = 10.2;
				LD_RUNPATH_SEARCH_PATHS = "$(inherited) @executable_path/Frameworks";
				PRODUCT_BUNDLE_IDENTIFIER = "dag.Virtual-tourist";
				PRODUCT_NAME = "$(TARGET_NAME)";
				SWIFT_VERSION = 3.0;
			};
			name = Release;
		};
		1128D1CE1E3C380A00AFAB20 /* Debug */ = {
			isa = XCBuildConfiguration;
			buildSettings = {
				ALWAYS_EMBED_SWIFT_STANDARD_LIBRARIES = YES;
				BUNDLE_LOADER = "$(TEST_HOST)";
				INFOPLIST_FILE = "Virtual touristTests/Info.plist";
				LD_RUNPATH_SEARCH_PATHS = "$(inherited) @executable_path/Frameworks @loader_path/Frameworks";
				PRODUCT_BUNDLE_IDENTIFIER = "dag.Virtual-touristTests";
				PRODUCT_NAME = "$(TARGET_NAME)";
				SWIFT_VERSION = 3.0;
				TEST_HOST = "$(BUILT_PRODUCTS_DIR)/Virtual tourist.app/Virtual tourist";
			};
			name = Debug;
		};
		1128D1CF1E3C380A00AFAB20 /* Release */ = {
			isa = XCBuildConfiguration;
			buildSettings = {
				ALWAYS_EMBED_SWIFT_STANDARD_LIBRARIES = YES;
				BUNDLE_LOADER = "$(TEST_HOST)";
				INFOPLIST_FILE = "Virtual touristTests/Info.plist";
				LD_RUNPATH_SEARCH_PATHS = "$(inherited) @executable_path/Frameworks @loader_path/Frameworks";
				PRODUCT_BUNDLE_IDENTIFIER = "dag.Virtual-touristTests";
				PRODUCT_NAME = "$(TARGET_NAME)";
				SWIFT_VERSION = 3.0;
				TEST_HOST = "$(BUILT_PRODUCTS_DIR)/Virtual tourist.app/Virtual tourist";
			};
			name = Release;
		};
		1128D1D11E3C380A00AFAB20 /* Debug */ = {
			isa = XCBuildConfiguration;
			buildSettings = {
				ALWAYS_EMBED_SWIFT_STANDARD_LIBRARIES = YES;
				INFOPLIST_FILE = "Virtual touristUITests/Info.plist";
				LD_RUNPATH_SEARCH_PATHS = "$(inherited) @executable_path/Frameworks @loader_path/Frameworks";
				PRODUCT_BUNDLE_IDENTIFIER = "dag.Virtual-touristUITests";
				PRODUCT_NAME = "$(TARGET_NAME)";
				SWIFT_VERSION = 3.0;
				TEST_TARGET_NAME = "Virtual tourist";
			};
			name = Debug;
		};
		1128D1D21E3C380A00AFAB20 /* Release */ = {
			isa = XCBuildConfiguration;
			buildSettings = {
				ALWAYS_EMBED_SWIFT_STANDARD_LIBRARIES = YES;
				INFOPLIST_FILE = "Virtual touristUITests/Info.plist";
				LD_RUNPATH_SEARCH_PATHS = "$(inherited) @executable_path/Frameworks @loader_path/Frameworks";
				PRODUCT_BUNDLE_IDENTIFIER = "dag.Virtual-touristUITests";
				PRODUCT_NAME = "$(TARGET_NAME)";
				SWIFT_VERSION = 3.0;
				TEST_TARGET_NAME = "Virtual tourist";
			};
			name = Release;
		};
/* End XCBuildConfiguration section */

/* Begin XCConfigurationList section */
		1128D19A1E3C380A00AFAB20 /* Build configuration list for PBXProject "Virtual tourist" */ = {
			isa = XCConfigurationList;
			buildConfigurations = (
				1128D1C81E3C380A00AFAB20 /* Debug */,
				1128D1C91E3C380A00AFAB20 /* Release */,
			);
			defaultConfigurationIsVisible = 0;
			defaultConfigurationName = Release;
		};
		1128D1CA1E3C380A00AFAB20 /* Build configuration list for PBXNativeTarget "Virtual tourist" */ = {
			isa = XCConfigurationList;
			buildConfigurations = (
				1128D1CB1E3C380A00AFAB20 /* Debug */,
				1128D1CC1E3C380A00AFAB20 /* Release */,
			);
			defaultConfigurationIsVisible = 0;
			defaultConfigurationName = Release;
		};
		1128D1CD1E3C380A00AFAB20 /* Build configuration list for PBXNativeTarget "Virtual touristTests" */ = {
			isa = XCConfigurationList;
			buildConfigurations = (
				1128D1CE1E3C380A00AFAB20 /* Debug */,
				1128D1CF1E3C380A00AFAB20 /* Release */,
			);
			defaultConfigurationIsVisible = 0;
			defaultConfigurationName = Release;
		};
		1128D1D01E3C380A00AFAB20 /* Build configuration list for PBXNativeTarget "Virtual touristUITests" */ = {
			isa = XCConfigurationList;
			buildConfigurations = (
				1128D1D11E3C380A00AFAB20 /* Debug */,
				1128D1D21E3C380A00AFAB20 /* Release */,
			);
			defaultConfigurationIsVisible = 0;
			defaultConfigurationName = Release;
		};
/* End XCConfigurationList section */

/* Begin XCVersionGroup section */
		1128D1A91E3C380A00AFAB20 /* Virtual_tourist.xcdatamodeld */ = {
			isa = XCVersionGroup;
			children = (
				1128D1AA1E3C380A00AFAB20 /* Virtual_tourist.xcdatamodel */,
			);
			currentVersion = 1128D1AA1E3C380A00AFAB20 /* Virtual_tourist.xcdatamodel */;
			path = Virtual_tourist.xcdatamodeld;
			sourceTree = "<group>";
			versionGroupType = wrapper.xcdatamodel;
		};
/* End XCVersionGroup section */
	};
	rootObject = 1128D1971E3C380A00AFAB20 /* Project object */;
}
